
Microsoft Visual Studio Solution File, Format Version 12.00
# Visual Studio 15
VisualStudioVersion = 15.0.27130.2010
MinimumVisualStudioVersion = 10.0.40219.1
Project("{FAE04EC0-301F-11D3-BF4B-00C04F79EFBC}") = "test 1", "test 1\test 1.csproj", "{040DBEEF-00B9-41C0-8C00-AF5D841B1D4F}"
EndProject
Global
	GlobalSection(SolutionConfigurationPlatforms) = preSolution
		Debug|Any CPU = Debug|Any CPU
		Release|Any CPU = Release|Any CPU
	EndGlobalSection
	GlobalSection(ProjectConfigurationPlatforms) = postSolution
		{040DBEEF-00B9-41C0-8C00-AF5D841B1D4F}.Debug|Any CPU.ActiveCfg = Debug|Any CPU
		{040DBEEF-00B9-41C0-8C00-AF5D841B1D4F}.Debug|Any CPU.Build.0 = Debug|Any CPU
		{040DBEEF-00B9-41C0-8C00-AF5D841B1D4F}.Release|Any CPU.ActiveCfg = Release|Any CPU
		{040DBEEF-00B9-41C0-8C00-AF5D841B1D4F}.Release|Any CPU.Build.0 = Release|Any CPU
	EndGlobalSection
	GlobalSection(SolutionProperties) = preSolution
		HideSolutionNode = FALSE
	EndGlobalSection
	GlobalSection(ExtensibilityGlobals) = postSolution
		SolutionGuid = {54BABA5C-24A1-41DC-827F-229DBEBA831C}
	EndGlobalSection
EndGlobal
